
Microsoft Visual Studio Solution File, Format Version 12.00
# Visual Studio 15
Project("{FAE04EC0-301F-11D3-BF4B-00C04F79EFBC}") = "Destiny Calls [Rise of the Guardian]", "Assembly-CSharp.csproj", "{AEBAB907-7694-9D85-2E93-BD80126139BD}"
EndProject
Project("{FAE04EC0-301F-11D3-BF4B-00C04F79EFBC}") = "Destiny Calls [Rise of the Guardian]", "Assembly-CSharp-Editor.csproj", "{A6146F53-BD1A-952C-492E-96E8B56B5A0B}"
EndProject
Global
	GlobalSection(SolutionConfigurationPlatforms) = preSolution
		Debug|Any CPU = Debug|Any CPU
		Release|Any CPU = Release|Any CPU
	EndGlobalSection
	GlobalSection(ProjectConfigurationPlatforms) = postSolution
		{AEBAB907-7694-9D85-2E93-BD80126139BD}.Debug|Any CPU.ActiveCfg = Debug|Any CPU
		{AEBAB907-7694-9D85-2E93-BD80126139BD}.Debug|Any CPU.Build.0 = Debug|Any CPU
		{AEBAB907-7694-9D85-2E93-BD80126139BD}.Release|Any CPU.ActiveCfg = Release|Any CPU
		{AEBAB907-7694-9D85-2E93-BD80126139BD}.Release|Any CPU.Build.0 = Release|Any CPU
		{A6146F53-BD1A-952C-492E-96E8B56B5A0B}.Debug|Any CPU.ActiveCfg = Debug|Any CPU
		{A6146F53-BD1A-952C-492E-96E8B56B5A0B}.Debug|Any CPU.Build.0 = Debug|Any CPU
		{A6146F53-BD1A-952C-492E-96E8B56B5A0B}.Release|Any CPU.ActiveCfg = Release|Any CPU
		{A6146F53-BD1A-952C-492E-96E8B56B5A0B}.Release|Any CPU.Build.0 = Release|Any CPU
	EndGlobalSection
	GlobalSection(SolutionProperties) = preSolution
		HideSolutionNode = FALSE
	EndGlobalSection
EndGlobal
